
Microsoft Visual Studio Solution File, Format Version 12.00
# Visual Studio Version 16
VisualStudioVersion = 16.0.809.7
MinimumVisualStudioVersion = 10.0.40219.1
Project("{2150E333-8FDC-42A3-9474-1A3956D46DE8}") = "services", "services", "{D783DFEA-B3B3-43D6-A3A1-FBC7C4B63082}"
EndProject
Project("{FAE04EC0-301F-11D3-BF4B-00C04F79EFBC}") = "Formativa.Users.Api", "services\Formativa.Users.Api\Formativa.Users.Api.csproj", "{49621A80-7414-42B5-B965-FEFD21AF5E5C}"
EndProject
Project("{E53339B2-1760-4266-BCC7-CA923CBCF16C}") = "docker-compose", "docker-compose.dcproj", "{DF3F6256-8212-4FD6-B336-9E0C461496AF}"
EndProject
Project("{FAE04EC0-301F-11D3-BF4B-00C04F79EFBC}") = "Formativa.Catalog.Api", "services\Formativa.Users.Api\Formativa.Catalog.Api\Formativa.Catalog.Api.csproj", "{239942FF-2DFA-4361-AA01-339E0BB31300}"
EndProject
Project("{2150E333-8FDC-42A3-9474-1A3956D46DE8}") = "gateway", "gateway", "{A6EFFE10-30BB-4C6A-87D5-ACB1C1CFA4E5}"
EndProject
Project("{FAE04EC0-301F-11D3-BF4B-00C04F79EFBC}") = "Formativa.Gateway.Api", "gateway\Formativa.Gateway.Api\Formativa.Gateway.Api.csproj", "{A36DC3ED-87B1-494F-A275-FB4FF8DD65EC}"
EndProject
Global
	GlobalSection(SolutionConfigurationPlatforms) = preSolution
		Debug|Any CPU = Debug|Any CPU
		Release|Any CPU = Release|Any CPU
	EndGlobalSection
	GlobalSection(ProjectConfigurationPlatforms) = postSolution
		{49621A80-7414-42B5-B965-FEFD21AF5E5C}.Debug|Any CPU.ActiveCfg = Debug|Any CPU
		{49621A80-7414-42B5-B965-FEFD21AF5E5C}.Debug|Any CPU.Build.0 = Debug|Any CPU
		{49621A80-7414-42B5-B965-FEFD21AF5E5C}.Release|Any CPU.ActiveCfg = Release|Any CPU
		{49621A80-7414-42B5-B965-FEFD21AF5E5C}.Release|Any CPU.Build.0 = Release|Any CPU
		{DF3F6256-8212-4FD6-B336-9E0C461496AF}.Debug|Any CPU.ActiveCfg = Debug|Any CPU
		{DF3F6256-8212-4FD6-B336-9E0C461496AF}.Debug|Any CPU.Build.0 = Debug|Any CPU
		{DF3F6256-8212-4FD6-B336-9E0C461496AF}.Release|Any CPU.ActiveCfg = Release|Any CPU
		{DF3F6256-8212-4FD6-B336-9E0C461496AF}.Release|Any CPU.Build.0 = Release|Any CPU
		{239942FF-2DFA-4361-AA01-339E0BB31300}.Debug|Any CPU.ActiveCfg = Debug|Any CPU
		{239942FF-2DFA-4361-AA01-339E0BB31300}.Debug|Any CPU.Build.0 = Debug|Any CPU
		{239942FF-2DFA-4361-AA01-339E0BB31300}.Release|Any CPU.ActiveCfg = Release|Any CPU
		{239942FF-2DFA-4361-AA01-339E0BB31300}.Release|Any CPU.Build.0 = Release|Any CPU
		{A36DC3ED-87B1-494F-A275-FB4FF8DD65EC}.Debug|Any CPU.ActiveCfg = Debug|Any CPU
		{A36DC3ED-87B1-494F-A275-FB4FF8DD65EC}.Debug|Any CPU.Build.0 = Debug|Any CPU
		{A36DC3ED-87B1-494F-A275-FB4FF8DD65EC}.Release|Any CPU.ActiveCfg = Release|Any CPU
		{A36DC3ED-87B1-494F-A275-FB4FF8DD65EC}.Release|Any CPU.Build.0 = Release|Any CPU
	EndGlobalSection
	GlobalSection(SolutionProperties) = preSolution
		HideSolutionNode = FALSE
	EndGlobalSection
	GlobalSection(ExtensibilityGlobals) = postSolution
		SolutionGuid = {BAA3B88C-DD81-4DB4-9FD6-575B61094551}
	EndGlobalSection
	GlobalSection(NestedProjects) = preSolution
		{49621A80-7414-42B5-B965-FEFD21AF5E5C} = {D783DFEA-B3B3-43D6-A3A1-FBC7C4B63082}
		{239942FF-2DFA-4361-AA01-339E0BB31300} = {D783DFEA-B3B3-43D6-A3A1-FBC7C4B63082}
		{A36DC3ED-87B1-494F-A275-FB4FF8DD65EC} = {A6EFFE10-30BB-4C6A-87D5-ACB1C1CFA4E5}
	EndGlobalSection
EndGlobal
